{
  "version": 4,
  "terraform_version": "1.2.7",
  "serial": 4,
  "lineage": "fdc7fbf9-54f6-1d0b-b280-3d84ccd731bf",
  "outputs": {},
  "resources": [
    {
      "mode": "managed",
      "type": "azurerm_app_service",
      "name": "docker_app",
      "provider": "provider[\"registry.terraform.io/hashicorp/azurerm\"]",
      "instances": [
        {
          "schema_version": 0,
          "attributes": {
            "app_service_plan_id": "/subscriptions/bc1a1fc7-3567-4af2-95e4-aa5c91f3194e/resourceGroups/TP-rg/providers/Microsoft.Web/serverfarms/TP-appserviceplan",
            "app_settings": {},
            "auth_settings": [
              {
                "active_directory": [],
                "additional_login_params": {},
                "allowed_external_redirect_urls": [],
                "default_provider": "",
                "enabled": false,
                "facebook": [],
                "google": [],
                "issuer": "",
                "microsoft": [],
                "runtime_version": "",
                "token_refresh_extension_hours": 0,
                "token_store_enabled": false,
                "twitter": [],
                "unauthenticated_client_action": ""
              }
            ],
            "backup": [],
            "client_affinity_enabled": false,
            "client_cert_enabled": false,
            "client_cert_mode": "Required",
            "connection_string": [],
            "custom_domain_verification_id": "5EB903DC8588669619A5470D9E50C6460CA45FEEA93BB1F52604E347C25A17E1",
            "default_site_hostname": "tp-app.azurewebsites.net",
            "enabled": true,
            "https_only": false,
            "id": "/subscriptions/bc1a1fc7-3567-4af2-95e4-aa5c91f3194e/resourceGroups/TP-rg/providers/Microsoft.Web/sites/TP-App",
            "identity": [],
            "key_vault_reference_identity_id": "SystemAssigned",
            "location": "eastus2",
            "logs": [
              {
                "application_logs": [
                  {
                    "azure_blob_storage": [],
                    "file_system_level": "Off"
                  }
                ],
                "detailed_error_messages_enabled": false,
                "failed_request_tracing_enabled": false,
                "http_logs": [
                  {
                    "azure_blob_storage": [],
                    "file_system": []
                  }
                ]
              }
            ],
            "name": "TP-App",
            "outbound_ip_address_list": [
              "20.65.31.44",
              "20.186.164.127",
              "20.186.165.89",
              "20.186.165.197",
              "20.186.166.66",
              "20.186.166.150",
              "20.119.144.4"
            ],
            "outbound_ip_addresses": "20.65.31.44,20.186.164.127,20.186.165.89,20.186.165.197,20.186.166.66,20.186.166.150,20.119.144.4",
            "possible_outbound_ip_address_list": [
              "20.65.31.44",
              "20.186.164.127",
              "20.186.165.89",
              "20.186.165.197",
              "20.186.166.66",
              "20.186.166.150",
              "20.186.166.168",
              "20.186.166.171",
              "20.186.166.225",
              "20.186.166.232",
              "20.186.167.14",
              "20.186.167.97",
              "20.186.167.120",
              "20.186.167.140",
              "20.186.167.184",
              "20.186.167.212",
              "20.186.167.218",
              "20.186.167.223",
              "20.186.167.235",
              "20.186.167.245",
              "20.186.167.251",
              "20.186.167.253",
              "20.97.144.19",
              "20.97.144.46",
              "20.119.144.4"
            ],
            "possible_outbound_ip_addresses": "20.65.31.44,20.186.164.127,20.186.165.89,20.186.165.197,20.186.166.66,20.186.166.150,20.186.166.168,20.186.166.171,20.186.166.225,20.186.166.232,20.186.167.14,20.186.167.97,20.186.167.120,20.186.167.140,20.186.167.184,20.186.167.212,20.186.167.218,20.186.167.223,20.186.167.235,20.186.167.245,20.186.167.251,20.186.167.253,20.97.144.19,20.97.144.46,20.119.144.4",
            "resource_group_name": "TP-rg",
            "site_config": [
              {
                "acr_use_managed_identity_credentials": false,
                "acr_user_managed_identity_client_id": "",
                "always_on": false,
                "app_command_line": "",
                "auto_swap_slot_name": "",
                "cors": [],
                "default_documents": [
                  "Default.htm",
                  "Default.html",
                  "Default.asp",
                  "index.htm",
                  "index.html",
                  "iisstart.htm",
                  "default.aspx",
                  "index.php",
                  "hostingstart.html"
                ],
                "dotnet_framework_version": "v4.0",
                "ftps_state": "AllAllowed",
                "health_check_path": "",
                "http2_enabled": false,
                "ip_restriction": [],
                "java_container": "",
                "java_container_version": "",
                "java_version": "",
                "linux_fx_version": "",
                "local_mysql_enabled": false,
                "managed_pipeline_mode": "Integrated",
                "min_tls_version": "1.2",
                "number_of_workers": 1,
                "php_version": "",
                "python_version": "",
                "remote_debugging_enabled": false,
                "remote_debugging_version": "",
                "scm_ip_restriction": [],
                "scm_type": "None",
                "scm_use_main_ip_restriction": false,
                "use_32_bit_worker_process": true,
                "vnet_route_all_enabled": false,
                "websockets_enabled": false,
                "windows_fx_version": ""
              }
            ],
            "site_credential": [
              {
                "password": "vyxW9JWF4aBgylHTqLqqq7P6G8wY0D3ojay8BgT70ss2HAaGjDv6Lna6dRqs",
                "username": "$TP-App"
              }
            ],
            "source_control": [
              {
                "branch": "master",
                "manual_integration": false,
                "repo_url": "",
                "rollback_enabled": false,
                "use_mercurial": false
              }
            ],
            "storage_account": [],
            "tags": null,
            "timeouts": null
          },
          "sensitive_attributes": [],
          "private": "eyJlMmJmYjczMC1lY2FhLTExZTYtOGY4OC0zNDM2M2JjN2M0YzAiOnsiY3JlYXRlIjoxODAwMDAwMDAwMDAwLCJkZWxldGUiOjE4MDAwMDAwMDAwMDAsInJlYWQiOjMwMDAwMDAwMDAwMCwidXBkYXRlIjoxODAwMDAwMDAwMDAwfX0=",
          "dependencies": [
            "azurerm_app_service_plan.app_service_plan",
            "azurerm_resource_group.resource_group"
          ]
        }
      ]
    },
    {
      "mode": "managed",
      "type": "azurerm_app_service_plan",
      "name": "app_service_plan",
      "provider": "provider[\"registry.terraform.io/hashicorp/azurerm\"]",
      "instances": [
        {
          "schema_version": 0,
          "attributes": {
            "app_service_environment_id": "",
            "id": "/subscriptions/bc1a1fc7-3567-4af2-95e4-aa5c91f3194e/resourceGroups/TP-rg/providers/Microsoft.Web/serverfarms/TP-appserviceplan",
            "is_xenon": false,
            "kind": "linux",
            "location": "eastus2",
            "maximum_elastic_worker_count": 1,
            "maximum_number_of_workers": 3,
            "name": "TP-appserviceplan",
            "per_site_scaling": false,
            "reserved": true,
            "resource_group_name": "TP-rg",
            "sku": [
              {
                "capacity": 1,
                "size": "B1",
                "tier": "Basic"
              }
            ],
            "tags": null,
            "timeouts": null,
            "zone_redundant": false
          },
          "sensitive_attributes": [],
          "private": "eyJlMmJmYjczMC1lY2FhLTExZTYtOGY4OC0zNDM2M2JjN2M0YzAiOnsiY3JlYXRlIjozNjAwMDAwMDAwMDAwLCJkZWxldGUiOjM2MDAwMDAwMDAwMDAsInJlYWQiOjMwMDAwMDAwMDAwMCwidXBkYXRlIjozNjAwMDAwMDAwMDAwfX0=",
          "dependencies": [
            "azurerm_resource_group.resource_group"
          ]
        }
      ]
    },
    {
      "mode": "managed",
      "type": "azurerm_resource_group",
      "name": "resource_group",
      "provider": "provider[\"registry.terraform.io/hashicorp/azurerm\"]",
      "instances": [
        {
          "schema_version": 0,
          "attributes": {
            "id": "/subscriptions/bc1a1fc7-3567-4af2-95e4-aa5c91f3194e/resourceGroups/TP-rg",
            "location": "eastus2",
            "name": "TP-rg",
            "tags": null,
            "timeouts": null
          },
          "sensitive_attributes": [],
          "private": "eyJlMmJmYjczMC1lY2FhLTExZTYtOGY4OC0zNDM2M2JjN2M0YzAiOnsiY3JlYXRlIjo1NDAwMDAwMDAwMDAwLCJkZWxldGUiOjU0MDAwMDAwMDAwMDAsInJlYWQiOjMwMDAwMDAwMDAwMCwidXBkYXRlIjo1NDAwMDAwMDAwMDAwfX0="
        }
      ]
    }
  ]
}
